<?xml version="1.0" encoding="UTF-8" standalone="yes" ?>
<CodeBlocks_project_file>
	<FileVersion major="1" minor="6" />
	<Project>
		<Option title="TR2Main" />
		<Option compiler="gcc" />
		<Build>
			<Target title="DX5-Debug">
				<Option output="bin/DX5-Debug/TR2Main" prefix_auto="1" extension_auto="1" />
				<Option working_dir="%TR2_DIR%/" />
				<Option object_output="obj/DX5-Debug/" />
				<Option type="3" />
				<Option compiler="gcc" />
				<Option host_application="%TR2_DIR%/tomb2.exe" />
				<Option run_host_application_in_terminal="0" />
				<Option createDefFile="1" />
				<Option createStaticLib="1" />
				<Compiler>
					<Add option="-g" />
					<Add option="-Wall" />
					<Add option="-D_DEBUG" />
					<Add option="-DDIRECTDRAW_VERSION=0x500" />
					<Add option="-DDIRECT3D_VERSION=0x500" />
					<Add option="-DDIRECTINPUT_VERSION=0x500" />
					<Add option="-DDIRECTSOUND_VERSION=0x500" />
					<Add directory="../DX7_SDK/include" />
				</Compiler>
				<Linker>
					<Add library="../DX7_SDK/lib/dxguid.lib" />
					<Add library="../DX7_SDK/lib/ddraw.lib" />
					<Add library="../DX7_SDK/lib/d3dx.lib" />
					<Add library="../DX7_SDK/lib/dinput.lib" />
					<Add library="../DX7_SDK/lib/dsound.lib" />
				</Linker>
			</Target>
			<Target title="DX5-Release">
				<Option output="bin/DX5-Release/TR2Main" prefix_auto="1" extension_auto="1" />
				<Option working_dir="%TR2_DIR%/" />
				<Option object_output="obj/DX5-Release/" />
				<Option type="3" />
				<Option compiler="gcc" />
				<Option host_application="%TR2_DIR%/tomb2.exe" />
				<Option run_host_application_in_terminal="0" />
				<Option createDefFile="1" />
				<Option createStaticLib="1" />
				<Compiler>
					<Add option="-O3" />
					<Add option="-Wall" />
					<Add option="-Wextra" />
					<Add option="-Wno-unused-parameter" />
					<Add option="-D_RELEASE" />
					<Add option="-DDIRECTDRAW_VERSION=0x500" />
					<Add option="-DDIRECT3D_VERSION=0x500" />
					<Add option="-DDIRECTINPUT_VERSION=0x500" />
					<Add option="-DDIRECTSOUND_VERSION=0x500" />
					<Add directory="../DX7_SDK/include" />
				</Compiler>
				<Linker>
					<Add option="-s" />
					<Add library="../DX7_SDK/lib/dxguid.lib" />
					<Add library="../DX7_SDK/lib/ddraw.lib" />
					<Add library="../DX7_SDK/lib/d3dx.lib" />
					<Add library="../DX7_SDK/lib/dinput.lib" />
					<Add library="../DX7_SDK/lib/dsound.lib" />
				</Linker>
			</Target>
			<Target title="DX9-Debug">
				<Option output="bin/DX9-Debug/TR2Main" prefix_auto="1" extension_auto="1" />
				<Option working_dir="%TR2_DIR%/" />
				<Option object_output="obj/DX9-Debug/" />
				<Option type="3" />
				<Option compiler="gcc" />
				<Option host_application="%TR2_DIR%/tomb2.exe" />
				<Option run_host_application_in_terminal="0" />
				<Option createDefFile="1" />
				<Option createStaticLib="1" />
				<Compiler>
					<Add option="-g" />
					<Add option="-Wall" />
					<Add option="-D_DEBUG" />
					<Add option="-DDIRECT3D_VERSION=0x900" />
					<Add option="-DDIRECTINPUT_VERSION=0x900" />
					<Add option="-DDIRECTSOUND_VERSION=0x900" />
				</Compiler>
				<Linker>
					<Add library="dxguid" />
					<Add library="d3d9" />
					<Add library="d3dx9" />
					<Add library="dinput8" />
					<Add library="dsound" />
				</Linker>
			</Target>
			<Target title="DX9-Release">
				<Option output="bin/DX9-Release/TR2Main" prefix_auto="1" extension_auto="1" />
				<Option working_dir="%TR2_DIR%/" />
				<Option object_output="obj/DX9-Release/" />
				<Option type="3" />
				<Option compiler="gcc" />
				<Option host_application="%TR2_DIR%/tomb2.exe" />
				<Option run_host_application_in_terminal="0" />
				<Option createDefFile="1" />
				<Option createStaticLib="1" />
				<Compiler>
					<Add option="-O3" />
					<Add option="-Wall" />
					<Add option="-Wextra" />
					<Add option="-Wno-unused-parameter" />
					<Add option="-D_RELEASE" />
					<Add option="-DDIRECT3D_VERSION=0x900" />
					<Add option="-DDIRECTINPUT_VERSION=0x900" />
					<Add option="-DDIRECTSOUND_VERSION=0x900" />
				</Compiler>
				<Linker>
					<Add option="-s" />
					<Add library="dxguid" />
					<Add library="d3d9" />
					<Add library="d3dx9" />
					<Add library="dinput8" />
					<Add library="dsound" />
				</Linker>
			</Target>
		</Build>
		<Compiler>
			<Add option="-m32" />
			<Add option="-Winvalid-pch" />
			<Add option="-Wno-unknown-pragmas" />
			<Add option="-DBUILD_DLL" />
			<Add option="-D_WIN32_WINNT=0x501" />
			<Add option="-DFEATURE_ASSAULT_SAVE" />
			<Add option="-DFEATURE_AUDIO_IMPROVED" />
			<Add option="-DFEATURE_BACKGROUND_IMPROVED" />
			<Add option="-DFEATURE_CHEAT" />
			<Add option="-DFEATURE_EXTENDED_LIMITS" />
			<Add option="-DFEATURE_GAMEPLAY_FIXES" />
			<Add option="-DFEATURE_GOLD" />
			<Add option="-DFEATURE_HUD_IMPROVED" />
			<Add option="-DFEATURE_INPUT_IMPROVED" />
			<Add option="-DFEATURE_MOD_CONFIG" />
			<Add option="-DFEATURE_NOCD_DATA" />
			<Add option="-DFEATURE_NOLEGACY_OPTIONS" />
			<Add option="-DFEATURE_PAULD_CDAUDIO" />
			<Add option="-DFEATURE_SCREENSHOT_IMPROVED" />
			<Add option="-DFEATURE_SUBFOLDERS" />
			<Add option="-DFEATURE_VIDEOFX_IMPROVED" />
			<Add option="-DFEATURE_VIEW_IMPROVED" />
			<Add option="-DFEATURE_WINDOW_STYLE_FIX" />
		</Compiler>
		<Linker>
			<Add option="-static-libstdc++" />
			<Add option="-static-libgcc" />
			<Add option="-static" />
			<Add option="-m32" />
			<Add option="-Wl,--kill-at" />
			<Add library="user32" />
			<Add library="shell32" />
			<Add library="gdi32" />
			<Add library="gdiplus" />
			<Add library="comctl32" />
			<Add library="shlwapi" />
			<Add library="winmm" />
			<Add library="hid" />
			<Add library="ole32" />
			<Add library="oleaut32" />
			<Add library="setupapi" />
		</Linker>
		<ExtraCommands>
			<Add after='cmd /c copy &quot;$(PROJECT_DIR)$(TARGET_OUTPUT_FILE)&quot; &quot;$(TR2_DIR)&quot;' />
		</ExtraCommands>
		<Unit filename="TR2Main.cpp" />
		<Unit filename="TR2Main.rc">
			<Option compilerVar="WINDRES" />
		</Unit>

		<Unit filename="global/precompiled.h">
			<Option compile="1" />
			<Option weight="0" />
		</Unit>

		<Unit filename="global/types.h" />
		<Unit filename="global/resource.h" />
		<Unit filename="global/vars.h" />
		<Unit filename="global/md5.c" />
		<Unit filename="global/md5.h" />
		<Unit filename="global/memmem.c" />
		<Unit filename="global/memmem.h" />

		<Unit filename="3dsystem/3d_gen.cpp" />
		<Unit filename="3dsystem/3d_gen.h" />

		<Unit filename="3dsystem/3d_out.cpp" />
		<Unit filename="3dsystem/3d_out.h" />

		<Unit filename="3dsystem/3dinsert.cpp" />
		<Unit filename="3dsystem/3dinsert.h" />

		<Unit filename="3dsystem/phd_math.cpp" />
		<Unit filename="3dsystem/phd_math.h" />

		<Unit filename="3dsystem/scalespr.cpp" />
		<Unit filename="3dsystem/scalespr.h" />

		<Unit filename="game/bear.cpp" />
		<Unit filename="game/bear.h" />

		<Unit filename="game/bird.cpp" />
		<Unit filename="game/bird.h" />

		<Unit filename="game/boat.cpp" />
		<Unit filename="game/boat.h" />

		<Unit filename="game/box.cpp" />
		<Unit filename="game/box.h" />

		<Unit filename="game/camera.cpp" />
		<Unit filename="game/camera.h" />

		<Unit filename="game/cinema.cpp" />
		<Unit filename="game/cinema.h" />

		<Unit filename="game/collide.cpp" />
		<Unit filename="game/collide.h" />

		<Unit filename="game/control.cpp" />
		<Unit filename="game/control.h" />

		<Unit filename="game/demo.cpp" />
		<Unit filename="game/demo.h" />

		<Unit filename="game/diver.cpp" />
		<Unit filename="game/diver.h" />

		<Unit filename="game/dog.cpp" />
		<Unit filename="game/dog.h" />

		<Unit filename="game/dragon.cpp" />
		<Unit filename="game/dragon.h" />

		<Unit filename="game/draw.cpp" />
		<Unit filename="game/draw.h" />

		<Unit filename="game/eel.cpp" />
		<Unit filename="game/eel.h" />

		<Unit filename="game/effects.cpp" />
		<Unit filename="game/effects.h" />

		<Unit filename="game/enemies.cpp" />
		<Unit filename="game/enemies.h" />

		<Unit filename="game/gameflow.cpp" />
		<Unit filename="game/gameflow.h" />

		<Unit filename="game/hair.cpp" />
		<Unit filename="game/hair.h" />

		<Unit filename="game/health.cpp" />
		<Unit filename="game/health.h" />

		<Unit filename="game/inventory.cpp" />
		<Unit filename="game/inventory.h" />

		<Unit filename="game/invfunc.cpp" />
		<Unit filename="game/invfunc.h" />

		<Unit filename="game/invtext.cpp" />
		<Unit filename="game/invtext.h" />

		<Unit filename="game/items.cpp" />
		<Unit filename="game/items.h" />

		<Unit filename="game/lara.cpp" />
		<Unit filename="game/lara.h" />

		<Unit filename="game/lara1gun.cpp" />
		<Unit filename="game/lara1gun.h" />

		<Unit filename="game/lara2gun.cpp" />
		<Unit filename="game/lara2gun.h" />

		<Unit filename="game/laraclimb.cpp" />
		<Unit filename="game/laraclimb.h" />

		<Unit filename="game/larafire.cpp" />
		<Unit filename="game/larafire.h" />

		<Unit filename="game/laraflare.cpp" />
		<Unit filename="game/laraflare.h" />

		<Unit filename="game/laramisc.cpp" />
		<Unit filename="game/laramisc.h" />

		<Unit filename="game/larasurf.cpp" />
		<Unit filename="game/larasurf.h" />

		<Unit filename="game/laraswim.cpp" />
		<Unit filename="game/laraswim.h" />

		<Unit filename="game/lot.cpp" />
		<Unit filename="game/lot.h" />

		<Unit filename="game/missile.cpp" />
		<Unit filename="game/missile.h" />

		<Unit filename="game/moveblock.cpp" />
		<Unit filename="game/moveblock.h" />

		<Unit filename="game/objects.cpp" />
		<Unit filename="game/objects.h" />

		<Unit filename="game/people.cpp" />
		<Unit filename="game/people.h" />

		<Unit filename="game/pickup.cpp" />
		<Unit filename="game/pickup.h" />

		<Unit filename="game/rat.cpp" />
		<Unit filename="game/rat.h" />

		<Unit filename="game/savegame.cpp" />
		<Unit filename="game/savegame.h" />

		<Unit filename="game/setup.cpp" />
		<Unit filename="game/setup.h" />

		<Unit filename="game/shark.cpp" />
		<Unit filename="game/shark.h" />

		<Unit filename="game/skidoo.cpp" />
		<Unit filename="game/skidoo.h" />

		<Unit filename="game/sound.cpp" />
		<Unit filename="game/sound.h" />

		<Unit filename="game/sphere.cpp" />
		<Unit filename="game/sphere.h" />

		<Unit filename="game/spider.cpp" />
		<Unit filename="game/spider.h" />

		<Unit filename="game/text.cpp" />
		<Unit filename="game/text.h" />

		<Unit filename="game/traps.cpp" />
		<Unit filename="game/traps.h" />

		<Unit filename="game/wolf.cpp" />
		<Unit filename="game/wolf.h" />

		<Unit filename="game/yeti.cpp" />
		<Unit filename="game/yeti.h" />

		<Unit filename="specific/background.cpp" />
		<Unit filename="specific/background.h" />

		<Unit filename="specific/display.cpp" />
		<Unit filename="specific/display.h" />

		<Unit filename="specific/file.cpp" />
		<Unit filename="specific/file.h" />

		<Unit filename="specific/fmv.cpp" />
		<Unit filename="specific/fmv.h" />

		<Unit filename="specific/frontend.cpp" />
		<Unit filename="specific/frontend.h" />

		<Unit filename="specific/game.cpp" />
		<Unit filename="specific/game.h" />

		<Unit filename="specific/hwr.cpp" />
		<Unit filename="specific/hwr.h" />

		<Unit filename="specific/init.cpp" />
		<Unit filename="specific/init.h" />

		<Unit filename="specific/init_3d.cpp" />
		<Unit filename="specific/init_3d.h" />

		<Unit filename="specific/init_display.cpp" />
		<Unit filename="specific/init_display.h" />

		<Unit filename="specific/init_input.cpp" />
		<Unit filename="specific/init_input.h" />

		<Unit filename="specific/init_sound.cpp" />
		<Unit filename="specific/init_sound.h" />

		<Unit filename="specific/input.cpp" />
		<Unit filename="specific/input.h" />

		<Unit filename="specific/option.cpp" />
		<Unit filename="specific/option.h" />

		<Unit filename="specific/output.cpp" />
		<Unit filename="specific/output.h" />

		<Unit filename="specific/registry.cpp" />
		<Unit filename="specific/registry.h" />

		<Unit filename="specific/screenshot.cpp" />
		<Unit filename="specific/screenshot.h" />

		<Unit filename="specific/setupdlg.cpp" />
		<Unit filename="specific/setupdlg.h" />

		<Unit filename="specific/setupwnd.cpp" />
		<Unit filename="specific/setupwnd.h" />

		<Unit filename="specific/smain.cpp" />
		<Unit filename="specific/smain.h" />

		<Unit filename="specific/sndpc.cpp" />
		<Unit filename="specific/sndpc.h" />

		<Unit filename="specific/texture.cpp" />
		<Unit filename="specific/texture.h" />

		<Unit filename="specific/utils.cpp" />
		<Unit filename="specific/utils.h" />

		<Unit filename="specific/winmain.cpp" />
		<Unit filename="specific/winmain.h" />

		<Unit filename="specific/winvid.cpp" />
		<Unit filename="specific/winvid.h" />

		<Unit filename="modding/background_new.cpp" />
		<Unit filename="modding/background_new.h" />

		<Unit filename="modding/cd_pauld.cpp" />
		<Unit filename="modding/cd_pauld.h" />

		<Unit filename="modding/file_utils.cpp" />
		<Unit filename="modding/file_utils.h" />

		<Unit filename="modding/gdi_utils.cpp" />
		<Unit filename="modding/gdi_utils.h" />

		<Unit filename="modding/joy_output.cpp" />
		<Unit filename="modding/joy_output.h" />

		<Unit filename="modding/json_utils.cpp" />
		<Unit filename="modding/json_utils.h" />

		<Unit filename="modding/mod_utils.cpp" />
		<Unit filename="modding/mod_utils.h" />

		<Unit filename="modding/pause.cpp" />
		<Unit filename="modding/pause.h" />

		<Unit filename="modding/psx_bar.cpp" />
		<Unit filename="modding/psx_bar.h" />

		<Unit filename="modding/raw_input.cpp" />
		<Unit filename="modding/raw_input.h" />

		<Unit filename="modding/texture_utils.cpp" />
		<Unit filename="modding/texture_utils.h" />

		<Unit filename="modding/xinput_ex.cpp" />
		<Unit filename="modding/xinput_ex.h" />

		<Unit filename="json-parser/json.c" />
		<Unit filename="json-parser/json.h" />

		<Extensions>
			<code_completion />
			<envvars />
			<debugger />
			<lib_finder disable_auto="1" />
		</Extensions>
	</Project>
</CodeBlocks_project_file>
